
Microsoft Visual Studio Solution File, Format Version 12.00
# Visual Studio 15
VisualStudioVersion = 15.0.28307.757
MinimumVisualStudioVersion = 10.0.40219.1
Project("{FAE04EC0-301F-11D3-BF4B-00C04F79EFBC}") = "WindowsFormsApp1", "WindowsFormsApp1\WindowsFormsApp1.csproj", "{30A58ACB-A0DD-490C-8676-4964018C211B}"
EndProject
Global
	GlobalSection(SolutionConfigurationPlatforms) = preSolution
		Debug|Any CPU = Debug|Any CPU
		Release|Any CPU = Release|Any CPU
	EndGlobalSection
	GlobalSection(ProjectConfigurationPlatforms) = postSolution
		{30A58ACB-A0DD-490C-8676-4964018C211B}.Debug|Any CPU.ActiveCfg = Debug|Any CPU
		{30A58ACB-A0DD-490C-8676-4964018C211B}.Debug|Any CPU.Build.0 = Debug|Any CPU
		{30A58ACB-A0DD-490C-8676-4964018C211B}.Release|Any CPU.ActiveCfg = Release|Any CPU
		{30A58ACB-A0DD-490C-8676-4964018C211B}.Release|Any CPU.Build.0 = Release|Any CPU
	EndGlobalSection
	GlobalSection(SolutionProperties) = preSolution
		HideSolutionNode = FALSE
	EndGlobalSection
	GlobalSection(ExtensibilityGlobals) = postSolution
		SolutionGuid = {3D124482-7507-48F9-8721-2A49ACCA6312}
	EndGlobalSection
EndGlobal
